// !$*UTF8*$!
{
	archiveVersion = 1;
	classes = {
	};
	objectVersion = 50;
	objects = {

/* Begin PBXBuildFile section */
		594A86A824081BC5004C577E /* LoginViewController.swift in Sources */ = {isa = PBXBuildFile; fileRef = 594A86A724081BC5004C577E /* LoginViewController.swift */; };
		59A85E682402DE57000987F1 /* AppDelegate.swift in Sources */ = {isa = PBXBuildFile; fileRef = 59A85E672402DE57000987F1 /* AppDelegate.swift */; };
		59A85E6A2402DE57000987F1 /* SceneDelegate.swift in Sources */ = {isa = PBXBuildFile; fileRef = 59A85E692402DE57000987F1 /* SceneDelegate.swift */; };
		59A85E6C2402DE57000987F1 /* UnitTestController.swift in Sources */ = {isa = PBXBuildFile; fileRef = 59A85E6B2402DE57000987F1 /* UnitTestController.swift */; };
		59A85E6F2402DE57000987F1 /* Main.storyboard in Resources */ = {isa = PBXBuildFile; fileRef = 59A85E6D2402DE57000987F1 /* Main.storyboard */; };
		59A85E712402DE5A000987F1 /* Assets.xcassets in Resources */ = {isa = PBXBuildFile; fileRef = 59A85E702402DE5A000987F1 /* Assets.xcassets */; };
		59A85E742402DE5A000987F1 /* LaunchScreen.storyboard in Resources */ = {isa = PBXBuildFile; fileRef = 59A85E722402DE5A000987F1 /* LaunchScreen.storyboard */; };
		59A85E7F2402DE5A000987F1 /* GSUIUnitTestingTests.swift in Sources */ = {isa = PBXBuildFile; fileRef = 59A85E7E2402DE5A000987F1 /* GSUIUnitTestingTests.swift */; };
		59A85E8A2402DE5A000987F1 /* GSUIUnitTestingUITests.swift in Sources */ = {isa = PBXBuildFile; fileRef = 59A85E892402DE5A000987F1 /* GSUIUnitTestingUITests.swift */; };
		59A85E982402DE96000987F1 /* UnitTestControllerTests.swift in Sources */ = {isa = PBXBuildFile; fileRef = 59A85E972402DE96000987F1 /* UnitTestControllerTests.swift */; };
		59A85E9B2402E12B000987F1 /* IntExtension.swift in Sources */ = {isa = PBXBuildFile; fileRef = 59A85E9A2402E12B000987F1 /* IntExtension.swift */; };
		59A85E9D2402E253000987F1 /* README.md in Resources */ = {isa = PBXBuildFile; fileRef = 59A85E9C2402E253000987F1 /* README.md */; };
/* End PBXBuildFile section */

/* Begin PBXContainerItemProxy section */
		59A85E7B2402DE5A000987F1 /* PBXContainerItemProxy */ = {
			isa = PBXContainerItemProxy;
			containerPortal = 59A85E5C2402DE57000987F1 /* Project object */;
			proxyType = 1;
			remoteGlobalIDString = 59A85E632402DE57000987F1;
			remoteInfo = GSUIUnitTesting;
		};
		59A85E862402DE5A000987F1 /* PBXContainerItemProxy */ = {
			isa = PBXContainerItemProxy;
			containerPortal = 59A85E5C2402DE57000987F1 /* Project object */;
			proxyType = 1;
			remoteGlobalIDString = 59A85E632402DE57000987F1;
			remoteInfo = GSUIUnitTesting;
		};
/* End PBXContainerItemProxy section */

/* Begin PBXFileReference section */
		594A86A724081BC5004C577E /* LoginViewController.swift */ = {isa = PBXFileReference; lastKnownFileType = sourcecode.swift; path = LoginViewController.swift; sourceTree = "<group>"; };
		59A85E642402DE57000987F1 /* GSUIUnitTesting.app */ = {isa = PBXFileReference; explicitFileType = wrapper.application; includeInIndex = 0; path = GSUIUnitTesting.app; sourceTree = BUILT_PRODUCTS_DIR; };
		59A85E672402DE57000987F1 /* AppDelegate.swift */ = {isa = PBXFileReference; lastKnownFileType = sourcecode.swift; path = AppDelegate.swift; sourceTree = "<group>"; };
		59A85E692402DE57000987F1 /* SceneDelegate.swift */ = {isa = PBXFileReference; lastKnownFileType = sourcecode.swift; path = SceneDelegate.swift; sourceTree = "<group>"; };
		59A85E6B2402DE57000987F1 /* UnitTestController.swift */ = {isa = PBXFileReference; lastKnownFileType = sourcecode.swift; path = UnitTestController.swift; sourceTree = "<group>"; };
		59A85E6E2402DE57000987F1 /* Base */ = {isa = PBXFileReference; lastKnownFileType = file.storyboard; name = Base; path = Base.lproj/Main.storyboard; sourceTree = "<group>"; };
		59A85E702402DE5A000987F1 /* Assets.xcassets */ = {isa = PBXFileReference; lastKnownFileType = folder.assetcatalog; path = Assets.xcassets; sourceTree = "<group>"; };
		59A85E732402DE5A000987F1 /* Base */ = {isa = PBXFileReference; lastKnownFileType = file.storyboard; name = Base; path = Base.lproj/LaunchScreen.storyboard; sourceTree = "<group>"; };
		59A85E752402DE5A000987F1 /* Info.plist */ = {isa = PBXFileReference; lastKnownFileType = text.plist.xml; path = Info.plist; sourceTree = "<group>"; };
		59A85E7A2402DE5A000987F1 /* GSUIUnitTestingTests.xctest */ = {isa = PBXFileReference; explicitFileType = wrapper.cfbundle; includeInIndex = 0; path = GSUIUnitTestingTests.xctest; sourceTree = BUILT_PRODUCTS_DIR; };
		59A85E7E2402DE5A000987F1 /* GSUIUnitTestingTests.swift */ = {isa = PBXFileReference; lastKnownFileType = sourcecode.swift; path = GSUIUnitTestingTests.swift; sourceTree = "<group>"; };
		59A85E802402DE5A000987F1 /* Info.plist */ = {isa = PBXFileReference; lastKnownFileType = text.plist.xml; path = Info.plist; sourceTree = "<group>"; };
		59A85E852402DE5A000987F1 /* GSUIUnitTestingUITests.xctest */ = {isa = PBXFileReference; explicitFileType = wrapper.cfbundle; includeInIndex = 0; path = GSUIUnitTestingUITests.xctest; sourceTree = BUILT_PRODUCTS_DIR; };
		59A85E892402DE5A000987F1 /* GSUIUnitTestingUITests.swift */ = {isa = PBXFileReference; lastKnownFileType = sourcecode.swift; path = GSUIUnitTestingUITests.swift; sourceTree = "<group>"; };
		59A85E8B2402DE5A000987F1 /* Info.plist */ = {isa = PBXFileReference; lastKnownFileType = text.plist.xml; path = Info.plist; sourceTree = "<group>"; };
		59A85E972402DE96000987F1 /* UnitTestControllerTests.swift */ = {isa = PBXFileReference; lastKnownFileType = sourcecode.swift; path = UnitTestControllerTests.swift; sourceTree = "<group>"; };
		59A85E9A2402E12B000987F1 /* IntExtension.swift */ = {isa = PBXFileReference; fileEncoding = 4; lastKnownFileType = sourcecode.swift; path = IntExtension.swift; sourceTree = "<group>"; };
		59A85E9C2402E253000987F1 /* README.md */ = {isa = PBXFileReference; lastKnownFileType = net.daringfireball.markdown; path = README.md; sourceTree = "<group>"; };
/* End PBXFileReference section */

/* Begin PBXFrameworksBuildPhase section */
		59A85E612402DE57000987F1 /* Frameworks */ = {
			isa = PBXFrameworksBuildPhase;
			buildActionMask = 2147483647;
			files = (
			);
			runOnlyForDeploymentPostprocessing = 0;
		};
		59A85E772402DE5A000987F1 /* Frameworks */ = {
			isa = PBXFrameworksBuildPhase;
			buildActionMask = 2147483647;
			files = (
			);
			runOnlyForDeploymentPostprocessing = 0;
		};
		59A85E822402DE5A000987F1 /* Frameworks */ = {
			isa = PBXFrameworksBuildPhase;
			buildActionMask = 2147483647;
			files = (
			);
			runOnlyForDeploymentPostprocessing = 0;
		};
/* End PBXFrameworksBuildPhase section */

/* Begin PBXGroup section */
		59A85E5B2402DE57000987F1 = {
			isa = PBXGroup;
			children = (
				59A85E9C2402E253000987F1 /* README.md */,
				59A85E662402DE57000987F1 /* GSUIUnitTesting */,
				59A85E7D2402DE5A000987F1 /* GSUIUnitTestingTests */,
				59A85E882402DE5A000987F1 /* GSUIUnitTestingUITests */,
				59A85E652402DE57000987F1 /* Products */,
			);
			sourceTree = "<group>";
		};
		59A85E652402DE57000987F1 /* Products */ = {
			isa = PBXGroup;
			children = (
				59A85E642402DE57000987F1 /* GSUIUnitTesting.app */,
				59A85E7A2402DE5A000987F1 /* GSUIUnitTestingTests.xctest */,
				59A85E852402DE5A000987F1 /* GSUIUnitTestingUITests.xctest */,
			);
			name = Products;
			sourceTree = "<group>";
		};
		59A85E662402DE57000987F1 /* GSUIUnitTesting */ = {
			isa = PBXGroup;
			children = (
				59A85E672402DE57000987F1 /* AppDelegate.swift */,
				59A85E692402DE57000987F1 /* SceneDelegate.swift */,
				594A86A724081BC5004C577E /* LoginViewController.swift */,
				59A85E6B2402DE57000987F1 /* UnitTestController.swift */,
				59A85E6D2402DE57000987F1 /* Main.storyboard */,
				59A85E992402E0F3000987F1 /* Extensions */,
				59A85E702402DE5A000987F1 /* Assets.xcassets */,
				59A85E722402DE5A000987F1 /* LaunchScreen.storyboard */,
				59A85E752402DE5A000987F1 /* Info.plist */,
			);
			path = GSUIUnitTesting;
			sourceTree = "<group>";
		};
		59A85E7D2402DE5A000987F1 /* GSUIUnitTestingTests */ = {
			isa = PBXGroup;
			children = (
				59A85E7E2402DE5A000987F1 /* GSUIUnitTestingTests.swift */,
				59A85E972402DE96000987F1 /* UnitTestControllerTests.swift */,
				59A85E802402DE5A000987F1 /* Info.plist */,
			);
			path = GSUIUnitTestingTests;
			sourceTree = "<group>";
		};
		59A85E882402DE5A000987F1 /* GSUIUnitTestingUITests */ = {
			isa = PBXGroup;
			children = (
				59A85E892402DE5A000987F1 /* GSUIUnitTestingUITests.swift */,
				59A85E8B2402DE5A000987F1 /* Info.plist */,
			);
			path = GSUIUnitTestingUITests;
			sourceTree = "<group>";
		};
		59A85E992402E0F3000987F1 /* Extensions */ = {
			isa = PBXGroup;
			children = (
				59A85E9A2402E12B000987F1 /* IntExtension.swift */,
			);
			path = Extensions;
			sourceTree = "<group>";
		};
/* End PBXGroup section */

/* Begin PBXNativeTarget section */
		59A85E632402DE57000987F1 /* GSUIUnitTesting */ = {
			isa = PBXNativeTarget;
			buildConfigurationList = 59A85E8E2402DE5A000987F1 /* Build configuration list for PBXNativeTarget "GSUIUnitTesting" */;
			buildPhases = (
				59A85E602402DE57000987F1 /* Sources */,
				59A85E612402DE57000987F1 /* Frameworks */,
				59A85E622402DE57000987F1 /* Resources */,
			);
			buildRules = (
			);
			dependencies = (
			);
			name = GSUIUnitTesting;
			productName = GSUIUnitTesting;
			productReference = 59A85E642402DE57000987F1 /* GSUIUnitTesting.app */;
			productType = "com.apple.product-type.application";
		};
		59A85E792402DE5A000987F1 /* GSUIUnitTestingTests */ = {
			isa = PBXNativeTarget;
			buildConfigurationList = 59A85E912402DE5A000987F1 /* Build configuration list for PBXNativeTarget "GSUIUnitTestingTests" */;
			buildPhases = (
				59A85E762402DE5A000987F1 /* Sources */,
				59A85E772402DE5A000987F1 /* Frameworks */,
				59A85E782402DE5A000987F1 /* Resources */,
			);
			buildRules = (
			);
			dependencies = (
				59A85E7C2402DE5A000987F1 /* PBXTargetDependency */,
			);
			name = GSUIUnitTestingTests;
			productName = GSUIUnitTestingTests;
			productReference = 59A85E7A2402DE5A000987F1 /* GSUIUnitTestingTests.xctest */;
			productType = "com.apple.product-type.bundle.unit-test";
		};
		59A85E842402DE5A000987F1 /* GSUIUnitTestingUITests */ = {
			isa = PBXNativeTarget;
			buildConfigurationList = 59A85E942402DE5A000987F1 /* Build configuration list for PBXNativeTarget "GSUIUnitTestingUITests" */;
			buildPhases = (
				59A85E812402DE5A000987F1 /* Sources */,
				59A85E822402DE5A000987F1 /* Frameworks */,
				59A85E832402DE5A000987F1 /* Resources */,
			);
			buildRules = (
			);
			dependencies = (
				59A85E872402DE5A000987F1 /* PBXTargetDependency */,
			);
			name = GSUIUnitTestingUITests;
			productName = GSUIUnitTestingUITests;
			productReference = 59A85E852402DE5A000987F1 /* GSUIUnitTestingUITests.xctest */;
			productType = "com.apple.product-type.bundle.ui-testing";
		};
/* End PBXNativeTarget section */

/* Begin PBXProject section */
		59A85E5C2402DE57000987F1 /* Project object */ = {
			isa = PBXProject;
			attributes = {
				LastSwiftUpdateCheck = 1130;
				LastUpgradeCheck = 1130;
				ORGANIZATIONNAME = iGatiTech;
				TargetAttributes = {
					59A85E632402DE57000987F1 = {
						CreatedOnToolsVersion = 11.3.1;
					};
					59A85E792402DE5A000987F1 = {
						CreatedOnToolsVersion = 11.3.1;
						TestTargetID = 59A85E632402DE57000987F1;
					};
					59A85E842402DE5A000987F1 = {
						CreatedOnToolsVersion = 11.3.1;
						TestTargetID = 59A85E632402DE57000987F1;
					};
				};
			};
			buildConfigurationList = 59A85E5F2402DE57000987F1 /* Build configuration list for PBXProject "GSUIUnitTesting" */;
			compatibilityVersion = "Xcode 9.3";
			developmentRegion = en;
			hasScannedForEncodings = 0;
			knownRegions = (
				en,
				Base,
			);
			mainGroup = 59A85E5B2402DE57000987F1;
			productRefGroup = 59A85E652402DE57000987F1 /* Products */;
			projectDirPath = "";
			projectRoot = "";
			targets = (
				59A85E632402DE57000987F1 /* GSUIUnitTesting */,
				59A85E792402DE5A000987F1 /* GSUIUnitTestingTests */,
				59A85E842402DE5A000987F1 /* GSUIUnitTestingUITests */,
			);
		};
/* End PBXProject section */

/* Begin PBXResourcesBuildPhase section */
		59A85E622402DE57000987F1 /* Resources */ = {
			isa = PBXResourcesBuildPhase;
			buildActionMask = 2147483647;
			files = (
				59A85E742402DE5A000987F1 /* LaunchScreen.storyboard in Resources */,
				59A85E712402DE5A000987F1 /* Assets.xcassets in Resources */,
				59A85E9D2402E253000987F1 /* README.md in Resources */,
				59A85E6F2402DE57000987F1 /* Main.storyboard in Resources */,
			);
			runOnlyForDeploymentPostprocessing = 0;
		};
		59A85E782402DE5A000987F1 /* Resources */ = {
			isa = PBXResourcesBuildPhase;
			buildActionMask = 2147483647;
			files = (
			);
			runOnlyForDeploymentPostprocessing = 0;
		};
		59A85E832402DE5A000987F1 /* Resources */ = {
			isa = PBXResourcesBuildPhase;
			buildActionMask = 2147483647;
			files = (
			);
			runOnlyForDeploymentPostprocessing = 0;
		};
/* End PBXResourcesBuildPhase section */

/* Begin PBXSourcesBuildPhase section */
		59A85E602402DE57000987F1 /* Sources */ = {
			isa = PBXSourcesBuildPhase;
			buildActionMask = 2147483647;
			files = (
				59A85E6C2402DE57000987F1 /* UnitTestController.swift in Sources */,
				59A85E9B2402E12B000987F1 /* IntExtension.swift in Sources */,
				59A85E682402DE57000987F1 /* AppDelegate.swift in Sources */,
				594A86A824081BC5004C577E /* LoginViewController.swift in Sources */,
				59A85E6A2402DE57000987F1 /* SceneDelegate.swift in Sources */,
			);
			runOnlyForDeploymentPostprocessing = 0;
		};
		59A85E762402DE5A000987F1 /* Sources */ = {
			isa = PBXSourcesBuildPhase;
			buildActionMask = 2147483647;
			files = (
				59A85E982402DE96000987F1 /* UnitTestControllerTests.swift in Sources */,
				59A85E7F2402DE5A000987F1 /* GSUIUnitTestingTests.swift in Sources */,
			);
			runOnlyForDeploymentPostprocessing = 0;
		};
		59A85E812402DE5A000987F1 /* Sources */ = {
			isa = PBXSourcesBuildPhase;
			buildActionMask = 2147483647;
			files = (
				59A85E8A2402DE5A000987F1 /* GSUIUnitTestingUITests.swift in Sources */,
			);
			runOnlyForDeploymentPostprocessing = 0;
		};
/* End PBXSourcesBuildPhase section */

/* Begin PBXTargetDependency section */
		59A85E7C2402DE5A000987F1 /* PBXTargetDependency */ = {
			isa = PBXTargetDependency;
			target = 59A85E632402DE57000987F1 /* GSUIUnitTesting */;
			targetProxy = 59A85E7B2402DE5A000987F1 /* PBXContainerItemProxy */;
		};
		59A85E872402DE5A000987F1 /* PBXTargetDependency */ = {
			isa = PBXTargetDependency;
			target = 59A85E632402DE57000987F1 /* GSUIUnitTesting */;
			targetProxy = 59A85E862402DE5A000987F1 /* PBXContainerItemProxy */;
		};
/* End PBXTargetDependency section */

/* Begin PBXVariantGroup section */
		59A85E6D2402DE57000987F1 /* Main.storyboard */ = {
			isa = PBXVariantGroup;
			children = (
				59A85E6E2402DE57000987F1 /* Base */,
			);
			name = Main.storyboard;
			sourceTree = "<group>";
		};
		59A85E722402DE5A000987F1 /* LaunchScreen.storyboard */ = {
			isa = PBXVariantGroup;
			children = (
				59A85E732402DE5A000987F1 /* Base */,
			);
			name = LaunchScreen.storyboard;
			sourceTree = "<group>";
		};
/* End PBXVariantGroup section */

/* Begin XCBuildConfiguration section */
		59A85E8C2402DE5A000987F1 /* Debug */ = {
			isa = XCBuildConfiguration;
			buildSettings = {
				ALWAYS_SEARCH_USER_PATHS = NO;
				CLANG_ANALYZER_NONNULL = YES;
				CLANG_ANALYZER_NUMBER_OBJECT_CONVERSION = YES_AGGRESSIVE;
				CLANG_CXX_LANGUAGE_STANDARD = "gnu++14";
				CLANG_CXX_LIBRARY = "libc++";
				CLANG_ENABLE_MODULES = YES;
				CLANG_ENABLE_OBJC_ARC = YES;
				CLANG_ENABLE_OBJC_WEAK = YES;
				CLANG_WARN_BLOCK_CAPTURE_AUTORELEASING = YES;
				CLANG_WARN_BOOL_CONVERSION = YES;
				CLANG_WARN_COMMA = YES;
				CLANG_WARN_CONSTANT_CONVERSION = YES;
				CLANG_WARN_DEPRECATED_OBJC_IMPLEMENTATIONS = YES;
				CLANG_WARN_DIRECT_OBJC_ISA_USAGE = YES_ERROR;
				CLANG_WARN_DOCUMENTATION_COMMENTS = YES;
				CLANG_WARN_EMPTY_BODY = YES;
				CLANG_WARN_ENUM_CONVERSION = YES;
				CLANG_WARN_INFINITE_RECURSION = YES;
				CLANG_WARN_INT_CONVERSION = YES;
				CLANG_WARN_NON_LITERAL_NULL_CONVERSION = YES;
				CLANG_WARN_OBJC_IMPLICIT_RETAIN_SELF = YES;
				CLANG_WARN_OBJC_LITERAL_CONVERSION = YES;
				CLANG_WARN_OBJC_ROOT_CLASS = YES_ERROR;
				CLANG_WARN_RANGE_LOOP_ANALYSIS = YES;
				CLANG_WARN_STRICT_PROTOTYPES = YES;
				CLANG_WARN_SUSPICIOUS_MOVE = YES;
				CLANG_WARN_UNGUARDED_AVAILABILITY = YES_AGGRESSIVE;
				CLANG_WARN_UNREACHABLE_CODE = YES;
				CLANG_WARN__DUPLICATE_METHOD_MATCH = YES;
				COPY_PHASE_STRIP = NO;
				DEBUG_INFORMATION_FORMAT = dwarf;
				ENABLE_STRICT_OBJC_MSGSEND = YES;
				ENABLE_TESTABILITY = YES;
				GCC_C_LANGUAGE_STANDARD = gnu11;
				GCC_DYNAMIC_NO_PIC = NO;
				GCC_NO_COMMON_BLOCKS = YES;
				GCC_OPTIMIZATION_LEVEL = 0;
				GCC_PREPROCESSOR_DEFINITIONS = (
					"DEBUG=1",
					"$(inherited)",
				);
				GCC_WARN_64_TO_32_BIT_CONVERSION = YES;
				GCC_WARN_ABOUT_RETURN_TYPE = YES_ERROR;
				GCC_WARN_UNDECLARED_SELECTOR = YES;
				GCC_WARN_UNINITIALIZED_AUTOS = YES_AGGRESSIVE;
				GCC_WARN_UNUSED_FUNCTION = YES;
				GCC_WARN_UNUSED_VARIABLE = YES;
				IPHONEOS_DEPLOYMENT_TARGET = 13.2;
				MTL_ENABLE_DEBUG_INFO = INCLUDE_SOURCE;
				MTL_FAST_MATH = YES;
				ONLY_ACTIVE_ARCH = YES;
				SDKROOT = iphoneos;
				SWIFT_ACTIVE_COMPILATION_CONDITIONS = DEBUG;
				SWIFT_OPTIMIZATION_LEVEL = "-Onone";
			};
			name = Debug;
		};
		59A85E8D2402DE5A000987F1 /* Release */ = {
			isa = XCBuildConfiguration;
			buildSettings = {
				ALWAYS_SEARCH_USER_PATHS = NO;
				CLANG_ANALYZER_NONNULL = YES;
				CLANG_ANALYZER_NUMBER_OBJECT_CONVERSION = YES_AGGRESSIVE;
				CLANG_CXX_LANGUAGE_STANDARD = "gnu++14";
				CLANG_CXX_LIBRARY = "libc++";
				CLANG_ENABLE_MODULES = YES;
				CLANG_ENABLE_OBJC_ARC = YES;
				CLANG_ENABLE_OBJC_WEAK = YES;
				CLANG_WARN_BLOCK_CAPTURE_AUTORELEASING = YES;
				CLANG_WARN_BOOL_CONVERSION = YES;
				CLANG_WARN_COMMA = YES;
				CLANG_WARN_CONSTANT_CONVERSION = YES;
				CLANG_WARN_DEPRECATED_OBJC_IMPLEMENTATIONS = YES;
				CLANG_WARN_DIRECT_OBJC_ISA_USAGE = YES_ERROR;
				CLANG_WARN_DOCUMENTATION_COMMENTS = YES;
				CLANG_WARN_EMPTY_BODY = YES;
				CLANG_WARN_ENUM_CONVERSION = YES;
				CLANG_WARN_INFINITE_RECURSION = YES;
				CLANG_WARN_INT_CONVERSION = YES;
				CLANG_WARN_NON_LITERAL_NULL_CONVERSION = YES;
				CLANG_WARN_OBJC_IMPLICIT_RETAIN_SELF = YES;
				CLANG_WARN_OBJC_LITERAL_CONVERSION = YES;
				CLANG_WARN_OBJC_ROOT_CLASS = YES_ERROR;
				CLANG_WARN_RANGE_LOOP_ANALYSIS = YES;
				CLANG_WARN_STRICT_PROTOTYPES = YES;
				CLANG_WARN_SUSPICIOUS_MOVE = YES;
				CLANG_WARN_UNGUARDED_AVAILABILITY = YES_AGGRESSIVE;
				CLANG_WARN_UNREACHABLE_CODE = YES;
				CLANG_WARN__DUPLICATE_METHOD_MATCH = YES;
				COPY_PHASE_STRIP = NO;
				DEBUG_INFORMATION_FORMAT = "dwarf-with-dsym";
				ENABLE_NS_ASSERTIONS = NO;
				ENABLE_STRICT_OBJC_MSGSEND = YES;
				GCC_C_LANGUAGE_STANDARD = gnu11;
				GCC_NO_COMMON_BLOCKS = YES;
				GCC_WARN_64_TO_32_BIT_CONVERSION = YES;
				GCC_WARN_ABOUT_RETURN_TYPE = YES_ERROR;
				GCC_WARN_UNDECLARED_SELECTOR = YES;
				GCC_WARN_UNINITIALIZED_AUTOS = YES_AGGRESSIVE;
				GCC_WARN_UNUSED_FUNCTION = YES;
				GCC_WARN_UNUSED_VARIABLE = YES;
				IPHONEOS_DEPLOYMENT_TARGET = 13.2;
				MTL_ENABLE_DEBUG_INFO = NO;
				MTL_FAST_MATH = YES;
				SDKROOT = iphoneos;
				SWIFT_COMPILATION_MODE = wholemodule;
				SWIFT_OPTIMIZATION_LEVEL = "-O";
				VALIDATE_PRODUCT = YES;
			};
			name = Release;
		};
		59A85E8F2402DE5A000987F1 /* Debug */ = {
			isa = XCBuildConfiguration;
			buildSettings = {
				ASSETCATALOG_COMPILER_APPICON_NAME = AppIcon;
				CODE_SIGN_STYLE = Automatic;
				INFOPLIST_FILE = GSUIUnitTesting/Info.plist;
				LD_RUNPATH_SEARCH_PATHS = (
					"$(inherited)",
					"@executable_path/Frameworks",
				);
				PRODUCT_BUNDLE_IDENTIFIER = com.iGatiTech.GSUIUnitTesting;
				PRODUCT_NAME = "$(TARGET_NAME)";
				SWIFT_VERSION = 5.0;
				TARGETED_DEVICE_FAMILY = "1,2";
			};
			name = Debug;
		};
		59A85E902402DE5A000987F1 /* Release */ = {
			isa = XCBuildConfiguration;
			buildSettings = {
				ASSETCATALOG_COMPILER_APPICON_NAME = AppIcon;
				CODE_SIGN_STYLE = Automatic;
				INFOPLIST_FILE = GSUIUnitTesting/Info.plist;
				LD_RUNPATH_SEARCH_PATHS = (
					"$(inherited)",
					"@executable_path/Frameworks",
				);
				PRODUCT_BUNDLE_IDENTIFIER = com.iGatiTech.GSUIUnitTesting;
				PRODUCT_NAME = "$(TARGET_NAME)";
				SWIFT_VERSION = 5.0;
				TARGETED_DEVICE_FAMILY = "1,2";
			};
			name = Release;
		};
		59A85E922402DE5A000987F1 /* Debug */ = {
			isa = XCBuildConfiguration;
			buildSettings = {
				ALWAYS_EMBED_SWIFT_STANDARD_LIBRARIES = YES;
				BUNDLE_LOADER = "$(TEST_HOST)";
				CODE_SIGN_STYLE = Automatic;
				INFOPLIST_FILE = GSUIUnitTestingTests/Info.plist;
				IPHONEOS_DEPLOYMENT_TARGET = 13.2;
				LD_RUNPATH_SEARCH_PATHS = (
					"$(inherited)",
					"@executable_path/Frameworks",
					"@loader_path/Frameworks",
				);
				PRODUCT_BUNDLE_IDENTIFIER = com.iGatiTech.GSUIUnitTestingTests;
				PRODUCT_NAME = "$(TARGET_NAME)";
				SWIFT_VERSION = 5.0;
				TARGETED_DEVICE_FAMILY = "1,2";
				TEST_HOST = "$(BUILT_PRODUCTS_DIR)/GSUIUnitTesting.app/GSUIUnitTesting";
			};
			name = Debug;
		};
		59A85E932402DE5A000987F1 /* Release */ = {
			isa = XCBuildConfiguration;
			buildSettings = {
				ALWAYS_EMBED_SWIFT_STANDARD_LIBRARIES = YES;
				BUNDLE_LOADER = "$(TEST_HOST)";
				CODE_SIGN_STYLE = Automatic;
				INFOPLIST_FILE = GSUIUnitTestingTests/Info.plist;
				IPHONEOS_DEPLOYMENT_TARGET = 13.2;
				LD_RUNPATH_SEARCH_PATHS = (
					"$(inherited)",
					"@executable_path/Frameworks",
					"@loader_path/Frameworks",
				);
				PRODUCT_BUNDLE_IDENTIFIER = com.iGatiTech.GSUIUnitTestingTests;
				PRODUCT_NAME = "$(TARGET_NAME)";
				SWIFT_VERSION = 5.0;
				TARGETED_DEVICE_FAMILY = "1,2";
				TEST_HOST = "$(BUILT_PRODUCTS_DIR)/GSUIUnitTesting.app/GSUIUnitTesting";
			};
			name = Release;
		};
		59A85E952402DE5A000987F1 /* Debug */ = {
			isa = XCBuildConfiguration;
			buildSettings = {
				ALWAYS_EMBED_SWIFT_STANDARD_LIBRARIES = YES;
				CODE_SIGN_STYLE = Automatic;
				INFOPLIST_FILE = GSUIUnitTestingUITests/Info.plist;
				LD_RUNPATH_SEARCH_PATHS = (
					"$(inherited)",
					"@executable_path/Frameworks",
					"@loader_path/Frameworks",
				);
				PRODUCT_BUNDLE_IDENTIFIER = com.iGatiTech.GSUIUnitTestingUITests;
				PRODUCT_NAME = "$(TARGET_NAME)";
				SWIFT_VERSION = 5.0;
				TARGETED_DEVICE_FAMILY = "1,2";
				TEST_TARGET_NAME = GSUIUnitTesting;
			};
			name = Debug;
		};
		59A85E962402DE5A000987F1 /* Release */ = {
			isa = XCBuildConfiguration;
			buildSettings = {
				ALWAYS_EMBED_SWIFT_STANDARD_LIBRARIES = YES;
				CODE_SIGN_STYLE = Automatic;
				INFOPLIST_FILE = GSUIUnitTestingUITests/Info.plist;
				LD_RUNPATH_SEARCH_PATHS = (
					"$(inherited)",
					"@executable_path/Frameworks",
					"@loader_path/Frameworks",
				);
				PRODUCT_BUNDLE_IDENTIFIER = com.iGatiTech.GSUIUnitTestingUITests;
				PRODUCT_NAME = "$(TARGET_NAME)";
				SWIFT_VERSION = 5.0;
				TARGETED_DEVICE_FAMILY = "1,2";
				TEST_TARGET_NAME = GSUIUnitTesting;
			};
			name = Release;
		};
/* End XCBuildConfiguration section */

/* Begin XCConfigurationList section */
		59A85E5F2402DE57000987F1 /* Build configuration list for PBXProject "GSUIUnitTesting" */ = {
			isa = XCConfigurationList;
			buildConfigurations = (
				59A85E8C2402DE5A000987F1 /* Debug */,
				59A85E8D2402DE5A000987F1 /* Release */,
			);
			defaultConfigurationIsVisible = 0;
			defaultConfigurationName = Release;
		};
		59A85E8E2402DE5A000987F1 /* Build configuration list for PBXNativeTarget "GSUIUnitTesting" */ = {
			isa = XCConfigurationList;
			buildConfigurations = (
				59A85E8F2402DE5A000987F1 /* Debug */,
				59A85E902402DE5A000987F1 /* Release */,
			);
			defaultConfigurationIsVisible = 0;
			defaultConfigurationName = Release;
		};
		59A85E912402DE5A000987F1 /* Build configuration list for PBXNativeTarget "GSUIUnitTestingTests" */ = {
			isa = XCConfigurationList;
			buildConfigurations = (
				59A85E922402DE5A000987F1 /* Debug */,
				59A85E932402DE5A000987F1 /* Release */,
			);
			defaultConfigurationIsVisible = 0;
			defaultConfigurationName = Release;
		};
		59A85E942402DE5A000987F1 /* Build configuration list for PBXNativeTarget "GSUIUnitTestingUITests" */ = {
			isa = XCConfigurationList;
			buildConfigurations = (
				59A85E952402DE5A000987F1 /* Debug */,
				59A85E962402DE5A000987F1 /* Release */,
			);
			defaultConfigurationIsVisible = 0;
			defaultConfigurationName = Release;
		};
/* End XCConfigurationList section */
	};
	rootObject = 59A85E5C2402DE57000987F1 /* Project object */;
}
